
Microsoft Visual Studio Solution File, Format Version 12.00
# Visual Studio Version 17
VisualStudioVersion = 17.14.36127.28
MinimumVisualStudioVersion = 10.0.40219.1
Project("{FAE04EC0-301F-11D3-BF4B-00C04F79EFBC}") = "1.1.UniqueSymbols", "1.1.UniqueSymbols\1.1.UniqueSymbols.csproj", "{58363B0E-F871-4361-A532-0866F3A1478F}"
EndProject
Project("{FAE04EC0-301F-11D3-BF4B-00C04F79EFBC}") = "1.2.PermutationString", "1.2.PermutationString\1.2.PermutationString.csproj", "{C75C13EC-0138-47C6-B4E9-97708D5D02B9}"
EndProject
Project("{FAE04EC0-301F-11D3-BF4B-00C04F79EFBC}") = "1.3.ReplaceSpaces", "1.3.ReplaceSpaces\1.3.ReplaceSpaces.csproj", "{2AB7487C-C12A-4037-B89C-B0DAE7D0298D}"
EndProject
Project("{FAE04EC0-301F-11D3-BF4B-00C04F79EFBC}") = "1.4.IsPalindromePermutation", "1.4.IsPalindromePermutation\1.4.IsPalindromePermutation.csproj", "{374F8893-ECCD-D883-EBF2-95122F842F26}"
EndProject
Project("{FAE04EC0-301F-11D3-BF4B-00C04F79EFBC}") = "1.5.CountEditDistance", "1.5.CountEditDistance\1.5.CountEditDistance.csproj", "{248947D4-181A-47C9-B7B6-3FED7D4E8CAD}"
EndProject
Project("{FAE04EC0-301F-11D3-BF4B-00C04F79EFBC}") = "1.6.CompressString", "1.6.CompressString\1.6.CompressString.csproj", "{DCAD7D71-3439-432C-B81E-4FC1780BC326}"
EndProject
Global
	GlobalSection(SolutionConfigurationPlatforms) = preSolution
		Debug|Any CPU = Debug|Any CPU
		Release|Any CPU = Release|Any CPU
	EndGlobalSection
	GlobalSection(ProjectConfigurationPlatforms) = postSolution
		{58363B0E-F871-4361-A532-0866F3A1478F}.Debug|Any CPU.ActiveCfg = Debug|Any CPU
		{58363B0E-F871-4361-A532-0866F3A1478F}.Debug|Any CPU.Build.0 = Debug|Any CPU
		{58363B0E-F871-4361-A532-0866F3A1478F}.Release|Any CPU.ActiveCfg = Release|Any CPU
		{58363B0E-F871-4361-A532-0866F3A1478F}.Release|Any CPU.Build.0 = Release|Any CPU
		{C75C13EC-0138-47C6-B4E9-97708D5D02B9}.Debug|Any CPU.ActiveCfg = Debug|Any CPU
		{C75C13EC-0138-47C6-B4E9-97708D5D02B9}.Debug|Any CPU.Build.0 = Debug|Any CPU
		{C75C13EC-0138-47C6-B4E9-97708D5D02B9}.Release|Any CPU.ActiveCfg = Release|Any CPU
		{C75C13EC-0138-47C6-B4E9-97708D5D02B9}.Release|Any CPU.Build.0 = Release|Any CPU
		{2AB7487C-C12A-4037-B89C-B0DAE7D0298D}.Debug|Any CPU.ActiveCfg = Debug|Any CPU
		{2AB7487C-C12A-4037-B89C-B0DAE7D0298D}.Debug|Any CPU.Build.0 = Debug|Any CPU
		{2AB7487C-C12A-4037-B89C-B0DAE7D0298D}.Release|Any CPU.ActiveCfg = Release|Any CPU
		{2AB7487C-C12A-4037-B89C-B0DAE7D0298D}.Release|Any CPU.Build.0 = Release|Any CPU
		{374F8893-ECCD-D883-EBF2-95122F842F26}.Debug|Any CPU.ActiveCfg = Debug|Any CPU
		{374F8893-ECCD-D883-EBF2-95122F842F26}.Debug|Any CPU.Build.0 = Debug|Any CPU
		{374F8893-ECCD-D883-EBF2-95122F842F26}.Release|Any CPU.ActiveCfg = Release|Any CPU
		{374F8893-ECCD-D883-EBF2-95122F842F26}.Release|Any CPU.Build.0 = Release|Any CPU
		{248947D4-181A-47C9-B7B6-3FED7D4E8CAD}.Debug|Any CPU.ActiveCfg = Debug|Any CPU
		{248947D4-181A-47C9-B7B6-3FED7D4E8CAD}.Debug|Any CPU.Build.0 = Debug|Any CPU
		{248947D4-181A-47C9-B7B6-3FED7D4E8CAD}.Release|Any CPU.ActiveCfg = Release|Any CPU
		{248947D4-181A-47C9-B7B6-3FED7D4E8CAD}.Release|Any CPU.Build.0 = Release|Any CPU
		{DCAD7D71-3439-432C-B81E-4FC1780BC326}.Debug|Any CPU.ActiveCfg = Debug|Any CPU
		{DCAD7D71-3439-432C-B81E-4FC1780BC326}.Debug|Any CPU.Build.0 = Debug|Any CPU
		{DCAD7D71-3439-432C-B81E-4FC1780BC326}.Release|Any CPU.ActiveCfg = Release|Any CPU
		{DCAD7D71-3439-432C-B81E-4FC1780BC326}.Release|Any CPU.Build.0 = Release|Any CPU
	EndGlobalSection
	GlobalSection(SolutionProperties) = preSolution
		HideSolutionNode = FALSE
	EndGlobalSection
	GlobalSection(ExtensibilityGlobals) = postSolution
		SolutionGuid = {0A5805B6-7DD2-492D-B5C6-EDFF8E26C067}
	EndGlobalSection
EndGlobal
